
Microsoft Visual Studio Solution File, Format Version 12.00
# Visual Studio 15
VisualStudioVersion = 15.0.28010.2036
MinimumVisualStudioVersion = 10.0.40219.1
Project("{E24C65DC-7377-472B-9ABA-BC803B73C61A}") = "samples.west-wind.com(1)", "samples.west-wind.com\", "{B491D4F8-E043-45A5-A1CC-14DB4BDE4AC3}"
	ProjectSection(WebsiteProperties) = preProject
		TargetFrameworkMoniker = ".NETFramework,Version%3Dv4.7.2"
		Debug.AspNetCompiler.VirtualPath = "/localhost_60208"
		Debug.AspNetCompiler.PhysicalPath = "samples.west-wind.com\"
		Debug.AspNetCompiler.TargetPath = "PrecompiledWeb\localhost_60208\"
		Debug.AspNetCompiler.Updateable = "true"
		Debug.AspNetCompiler.ForceOverwrite = "true"
		Debug.AspNetCompiler.FixedNames = "false"
		Debug.AspNetCompiler.Debug = "True"
		Release.AspNetCompiler.VirtualPath = "/localhost_60208"
		Release.AspNetCompiler.PhysicalPath = "samples.west-wind.com\"
		Release.AspNetCompiler.TargetPath = "PrecompiledWeb\localhost_60208\"
		Release.AspNetCompiler.Updateable = "true"
		Release.AspNetCompiler.ForceOverwrite = "true"
		Release.AspNetCompiler.FixedNames = "false"
		Release.AspNetCompiler.Debug = "False"
		VWDPort = "60208"
		SlnRelativePath = "samples.west-wind.com\"
		DefaultWebSiteLanguage = "Visual C#"
	EndProjectSection
EndProject
Global
	GlobalSection(SolutionConfigurationPlatforms) = preSolution
		Debug|Any CPU = Debug|Any CPU
	EndGlobalSection
	GlobalSection(ProjectConfigurationPlatforms) = postSolution
		{B491D4F8-E043-45A5-A1CC-14DB4BDE4AC3}.Debug|Any CPU.ActiveCfg = Debug|Any CPU
		{B491D4F8-E043-45A5-A1CC-14DB4BDE4AC3}.Debug|Any CPU.Build.0 = Debug|Any CPU
	EndGlobalSection
	GlobalSection(SolutionProperties) = preSolution
		HideSolutionNode = FALSE
	EndGlobalSection
	GlobalSection(ExtensibilityGlobals) = postSolution
		SolutionGuid = {DF02B37A-3F8A-4690-A026-8CA0515F6FDF}
	EndGlobalSection
EndGlobal
